
Microsoft Visual Studio Solution File, Format Version 12.00
# Visual Studio Version 17
VisualStudioVersion = 17.3.32922.545
MinimumVisualStudioVersion = 10.0.40219.1
Project("{FAE04EC0-301F-11D3-BF4B-00C04F79EFBC}") = "SoftDrunk", "SoftDrunk\SoftDrunk.csproj", "{DAB28CD2-1239-49A9-B243-66FA92E7913F}"
EndProject
Global
	GlobalSection(SolutionConfigurationPlatforms) = preSolution
		Debug|Any CPU = Debug|Any CPU
		Release|Any CPU = Release|Any CPU
	EndGlobalSection
	GlobalSection(ProjectConfigurationPlatforms) = postSolution
		{DAB28CD2-1239-49A9-B243-66FA92E7913F}.Debug|Any CPU.ActiveCfg = Debug|Any CPU
		{DAB28CD2-1239-49A9-B243-66FA92E7913F}.Debug|Any CPU.Build.0 = Debug|Any CPU
		{DAB28CD2-1239-49A9-B243-66FA92E7913F}.Release|Any CPU.ActiveCfg = Release|Any CPU
		{DAB28CD2-1239-49A9-B243-66FA92E7913F}.Release|Any CPU.Build.0 = Release|Any CPU
	EndGlobalSection
	GlobalSection(SolutionProperties) = preSolution
		HideSolutionNode = FALSE
	EndGlobalSection
	GlobalSection(ExtensibilityGlobals) = postSolution
		SolutionGuid = {77EB7ECD-9816-4F1E-BBB3-13F99B1AB3AA}
	EndGlobalSection
EndGlobal
